
Microsoft Visual Studio Solution File, Format Version 12.00
# Visual Studio 15
VisualStudioVersion = 15.0.27428.2027
MinimumVisualStudioVersion = 10.0.40219.1
Project("{FAE04EC0-301F-11D3-BF4B-00C04F79EFBC}") = "Gestione", "Gestione\Gestione.csproj", "{27263410-7037-4148-9700-C5DD60E65302}"
EndProject
Project("{FAE04EC0-301F-11D3-BF4B-00C04F79EFBC}") = "Gestione.Tests", "Gestione.Tests\Gestione.Tests.csproj", "{686D5797-C240-48AF-8924-74B5BBE06EE8}"
EndProject
Project("{2150E333-8FDC-42A3-9474-1A3956D46DE8}") = "Solution Items", "Solution Items", "{266C7EF8-DF00-442D-B39A-8FD1A1584A17}"
	ProjectSection(SolutionItems) = preProject
		..\..\..\..\Downloads\GECV.sql = ..\..\..\..\Downloads\GECV.sql
		..\..\..\..\Downloads\ProcedureAdd.sql = ..\..\..\..\Downloads\ProcedureAdd.sql
		..\..\..\..\Downloads\ProcedureFlo.sql = ..\..\..\..\Downloads\ProcedureFlo.sql
		..\..\..\..\Downloads\SQL_Carmen.sql = ..\..\..\..\Downloads\SQL_Carmen.sql
		test.sql = test.sql
	EndProjectSection
EndProject
Global
	GlobalSection(SolutionConfigurationPlatforms) = preSolution
		Debug|Any CPU = Debug|Any CPU
		Release|Any CPU = Release|Any CPU
	EndGlobalSection
	GlobalSection(ProjectConfigurationPlatforms) = postSolution
		{27263410-7037-4148-9700-C5DD60E65302}.Debug|Any CPU.ActiveCfg = Debug|Any CPU
		{27263410-7037-4148-9700-C5DD60E65302}.Debug|Any CPU.Build.0 = Debug|Any CPU
		{27263410-7037-4148-9700-C5DD60E65302}.Release|Any CPU.ActiveCfg = Release|Any CPU
		{27263410-7037-4148-9700-C5DD60E65302}.Release|Any CPU.Build.0 = Release|Any CPU
		{686D5797-C240-48AF-8924-74B5BBE06EE8}.Debug|Any CPU.ActiveCfg = Debug|Any CPU
		{686D5797-C240-48AF-8924-74B5BBE06EE8}.Debug|Any CPU.Build.0 = Debug|Any CPU
		{686D5797-C240-48AF-8924-74B5BBE06EE8}.Release|Any CPU.ActiveCfg = Release|Any CPU
		{686D5797-C240-48AF-8924-74B5BBE06EE8}.Release|Any CPU.Build.0 = Release|Any CPU
	EndGlobalSection
	GlobalSection(SolutionProperties) = preSolution
		HideSolutionNode = FALSE
	EndGlobalSection
	GlobalSection(ExtensibilityGlobals) = postSolution
		SolutionGuid = {D23E71FB-809C-4A8A-AFCB-D5E3F0A352FF}
	EndGlobalSection
EndGlobal
